// !$*UTF8*$!
{
	archiveVersion = 1;
	classes = {
	};
	objectVersion = 46;
	objects = {

/* Begin PBXBuildFile section */
		46FA4E631ED91F3200D99B56 /* AppDelegate.swift in Sources */ = {isa = PBXBuildFile; fileRef = 46FA4E621ED91F3200D99B56 /* AppDelegate.swift */; };
		46FA4E681ED91F3200D99B56 /* Main.storyboard in Resources */ = {isa = PBXBuildFile; fileRef = 46FA4E661ED91F3200D99B56 /* Main.storyboard */; };
		46FA4E6A1ED91F3200D99B56 /* Assets.xcassets in Resources */ = {isa = PBXBuildFile; fileRef = 46FA4E691ED91F3200D99B56 /* Assets.xcassets */; };
		46FA4E6D1ED91F3200D99B56 /* LaunchScreen.storyboard in Resources */ = {isa = PBXBuildFile; fileRef = 46FA4E6B1ED91F3200D99B56 /* LaunchScreen.storyboard */; };
		46FA4E761ED91F6D00D99B56 /* Pokemon.swift in Sources */ = {isa = PBXBuildFile; fileRef = 46FA4E751ED91F6D00D99B56 /* Pokemon.swift */; };
		46FA4E781ED920C500D99B56 /* PokemonViewController.swift in Sources */ = {isa = PBXBuildFile; fileRef = 46FA4E771ED920C500D99B56 /* PokemonViewController.swift */; };
		46FA4E7A1ED921D200D99B56 /* NetworkController.swift in Sources */ = {isa = PBXBuildFile; fileRef = 46FA4E791ED921D200D99B56 /* NetworkController.swift */; };
/* End PBXBuildFile section */

/* Begin PBXFileReference section */
		46FA4E5F1ED91F3200D99B56 /* Pokemon.app */ = {isa = PBXFileReference; explicitFileType = wrapper.application; includeInIndex = 0; path = Pokemon.app; sourceTree = BUILT_PRODUCTS_DIR; };
		46FA4E621ED91F3200D99B56 /* AppDelegate.swift */ = {isa = PBXFileReference; lastKnownFileType = sourcecode.swift; path = AppDelegate.swift; sourceTree = "<group>"; };
		46FA4E671ED91F3200D99B56 /* Base */ = {isa = PBXFileReference; lastKnownFileType = file.storyboard; name = Base; path = Base.lproj/Main.storyboard; sourceTree = "<group>"; };
		46FA4E691ED91F3200D99B56 /* Assets.xcassets */ = {isa = PBXFileReference; lastKnownFileType = folder.assetcatalog; path = Assets.xcassets; sourceTree = "<group>"; };
		46FA4E6C1ED91F3200D99B56 /* Base */ = {isa = PBXFileReference; lastKnownFileType = file.storyboard; name = Base; path = Base.lproj/LaunchScreen.storyboard; sourceTree = "<group>"; };
		46FA4E6E1ED91F3200D99B56 /* Info.plist */ = {isa = PBXFileReference; lastKnownFileType = text.plist.xml; path = Info.plist; sourceTree = "<group>"; };
		46FA4E751ED91F6D00D99B56 /* Pokemon.swift */ = {isa = PBXFileReference; fileEncoding = 4; lastKnownFileType = sourcecode.swift; path = Pokemon.swift; sourceTree = "<group>"; };
		46FA4E771ED920C500D99B56 /* PokemonViewController.swift */ = {isa = PBXFileReference; fileEncoding = 4; lastKnownFileType = sourcecode.swift; path = PokemonViewController.swift; sourceTree = "<group>"; };
		46FA4E791ED921D200D99B56 /* NetworkController.swift */ = {isa = PBXFileReference; fileEncoding = 4; lastKnownFileType = sourcecode.swift; path = NetworkController.swift; sourceTree = "<group>"; };
/* End PBXFileReference section */

/* Begin PBXFrameworksBuildPhase section */
		46FA4E5C1ED91F3200D99B56 /* Frameworks */ = {
			isa = PBXFrameworksBuildPhase;
			buildActionMask = 2147483647;
			files = (
			);
			runOnlyForDeploymentPostprocessing = 0;
		};
/* End PBXFrameworksBuildPhase section */

/* Begin PBXGroup section */
		46FA4E561ED91F3200D99B56 = {
			isa = PBXGroup;
			children = (
				46FA4E611ED91F3200D99B56 /* Pokemon */,
				46FA4E601ED91F3200D99B56 /* Products */,
			);
			sourceTree = "<group>";
		};
		46FA4E601ED91F3200D99B56 /* Products */ = {
			isa = PBXGroup;
			children = (
				46FA4E5F1ED91F3200D99B56 /* Pokemon.app */,
			);
			name = Products;
			sourceTree = "<group>";
		};
		46FA4E611ED91F3200D99B56 /* Pokemon */ = {
			isa = PBXGroup;
			children = (
				46FA4E621ED91F3200D99B56 /* AppDelegate.swift */,
				46FA4E751ED91F6D00D99B56 /* Pokemon.swift */,
				46FA4E771ED920C500D99B56 /* PokemonViewController.swift */,
				46FA4E791ED921D200D99B56 /* NetworkController.swift */,
				46FA4E741ED91F5B00D99B56 /* Resources */,
			);
			path = Pokemon;
			sourceTree = "<group>";
		};
		46FA4E741ED91F5B00D99B56 /* Resources */ = {
			isa = PBXGroup;
			children = (
				46FA4E661ED91F3200D99B56 /* Main.storyboard */,
				46FA4E691ED91F3200D99B56 /* Assets.xcassets */,
				46FA4E6B1ED91F3200D99B56 /* LaunchScreen.storyboard */,
				46FA4E6E1ED91F3200D99B56 /* Info.plist */,
			);
			name = Resources;
			sourceTree = "<group>";
		};
/* End PBXGroup section */

/* Begin PBXNativeTarget section */
		46FA4E5E1ED91F3200D99B56 /* Pokemon */ = {
			isa = PBXNativeTarget;
			buildConfigurationList = 46FA4E711ED91F3200D99B56 /* Build configuration list for PBXNativeTarget "Pokemon" */;
			buildPhases = (
				46FA4E5B1ED91F3200D99B56 /* Sources */,
				46FA4E5C1ED91F3200D99B56 /* Frameworks */,
				46FA4E5D1ED91F3200D99B56 /* Resources */,
			);
			buildRules = (
			);
			dependencies = (
			);
			name = Pokemon;
			productName = Pokemon;
			productReference = 46FA4E5F1ED91F3200D99B56 /* Pokemon.app */;
			productType = "com.apple.product-type.application";
		};
/* End PBXNativeTarget section */

/* Begin PBXProject section */
		46FA4E571ED91F3200D99B56 /* Project object */ = {
			isa = PBXProject;
			attributes = {
				LastSwiftUpdateCheck = 0830;
				LastUpgradeCheck = 0830;
				ORGANIZATIONNAME = "frooctus LLC";
				TargetAttributes = {
					46FA4E5E1ED91F3200D99B56 = {
						CreatedOnToolsVersion = 8.3.2;
						DevelopmentTeam = AM7T72WW66;
						ProvisioningStyle = Automatic;
					};
				};
			};
			buildConfigurationList = 46FA4E5A1ED91F3200D99B56 /* Build configuration list for PBXProject "Pokemon" */;
			compatibilityVersion = "Xcode 3.2";
			developmentRegion = English;
			hasScannedForEncodings = 0;
			knownRegions = (
				en,
				Base,
			);
			mainGroup = 46FA4E561ED91F3200D99B56;
			productRefGroup = 46FA4E601ED91F3200D99B56 /* Products */;
			projectDirPath = "";
			projectRoot = "";
			targets = (
				46FA4E5E1ED91F3200D99B56 /* Pokemon */,
			);
		};
/* End PBXProject section */

/* Begin PBXResourcesBuildPhase section */
		46FA4E5D1ED91F3200D99B56 /* Resources */ = {
			isa = PBXResourcesBuildPhase;
			buildActionMask = 2147483647;
			files = (
				46FA4E6D1ED91F3200D99B56 /* LaunchScreen.storyboard in Resources */,
				46FA4E6A1ED91F3200D99B56 /* Assets.xcassets in Resources */,
				46FA4E681ED91F3200D99B56 /* Main.storyboard in Resources */,
			);
			runOnlyForDeploymentPostprocessing = 0;
		};
/* End PBXResourcesBuildPhase section */

/* Begin PBXSourcesBuildPhase section */
		46FA4E5B1ED91F3200D99B56 /* Sources */ = {
			isa = PBXSourcesBuildPhase;
			buildActionMask = 2147483647;
			files = (
				46FA4E7A1ED921D200D99B56 /* NetworkController.swift in Sources */,
				46FA4E631ED91F3200D99B56 /* AppDelegate.swift in Sources */,
				46FA4E761ED91F6D00D99B56 /* Pokemon.swift in Sources */,
				46FA4E781ED920C500D99B56 /* PokemonViewController.swift in Sources */,
			);
			runOnlyForDeploymentPostprocessing = 0;
		};
/* End PBXSourcesBuildPhase section */

/* Begin PBXVariantGroup section */
		46FA4E661ED91F3200D99B56 /* Main.storyboard */ = {
			isa = PBXVariantGroup;
			children = (
				46FA4E671ED91F3200D99B56 /* Base */,
			);
			name = Main.storyboard;
			sourceTree = "<group>";
		};
		46FA4E6B1ED91F3200D99B56 /* LaunchScreen.storyboard */ = {
			isa = PBXVariantGroup;
			children = (
				46FA4E6C1ED91F3200D99B56 /* Base */,
			);
			name = LaunchScreen.storyboard;
			sourceTree = "<group>";
		};
/* End PBXVariantGroup section */

/* Begin XCBuildConfiguration section */
		46FA4E6F1ED91F3200D99B56 /* Debug */ = {
			isa = XCBuildConfiguration;
			buildSettings = {
				ALWAYS_SEARCH_USER_PATHS = NO;
				CLANG_ANALYZER_NONNULL = YES;
				CLANG_ANALYZER_NUMBER_OBJECT_CONVERSION = YES_AGGRESSIVE;
				CLANG_CXX_LANGUAGE_STANDARD = "gnu++0x";
				CLANG_CXX_LIBRARY = "libc++";
				CLANG_ENABLE_MODULES = YES;
				CLANG_ENABLE_OBJC_ARC = YES;
				CLANG_WARN_BOOL_CONVERSION = YES;
				CLANG_WARN_CONSTANT_CONVERSION = YES;
				CLANG_WARN_DIRECT_OBJC_ISA_USAGE = YES_ERROR;
				CLANG_WARN_DOCUMENTATION_COMMENTS = YES;
				CLANG_WARN_EMPTY_BODY = YES;
				CLANG_WARN_ENUM_CONVERSION = YES;
				CLANG_WARN_INFINITE_RECURSION = YES;
				CLANG_WARN_INT_CONVERSION = YES;
				CLANG_WARN_OBJC_ROOT_CLASS = YES_ERROR;
				CLANG_WARN_SUSPICIOUS_MOVE = YES;
				CLANG_WARN_UNREACHABLE_CODE = YES;
				CLANG_WARN__DUPLICATE_METHOD_MATCH = YES;
				"CODE_SIGN_IDENTITY[sdk=iphoneos*]" = "iPhone Developer";
				COPY_PHASE_STRIP = NO;
				DEBUG_INFORMATION_FORMAT = dwarf;
				ENABLE_STRICT_OBJC_MSGSEND = YES;
				ENABLE_TESTABILITY = YES;
				GCC_C_LANGUAGE_STANDARD = gnu99;
				GCC_DYNAMIC_NO_PIC = NO;
				GCC_NO_COMMON_BLOCKS = YES;
				GCC_OPTIMIZATION_LEVEL = 0;
				GCC_PREPROCESSOR_DEFINITIONS = (
					"DEBUG=1",
					"$(inherited)",
				);
				GCC_WARN_64_TO_32_BIT_CONVERSION = YES;
				GCC_WARN_ABOUT_RETURN_TYPE = YES_ERROR;
				GCC_WARN_UNDECLARED_SELECTOR = YES;
				GCC_WARN_UNINITIALIZED_AUTOS = YES_AGGRESSIVE;
				GCC_WARN_UNUSED_FUNCTION = YES;
				GCC_WARN_UNUSED_VARIABLE = YES;
				IPHONEOS_DEPLOYMENT_TARGET = 10.3;
				MTL_ENABLE_DEBUG_INFO = YES;
				ONLY_ACTIVE_ARCH = YES;
				SDKROOT = iphoneos;
				SWIFT_ACTIVE_COMPILATION_CONDITIONS = DEBUG;
				SWIFT_OPTIMIZATION_LEVEL = "-Onone";
				TARGETED_DEVICE_FAMILY = "1,2";
			};
			name = Debug;
		};
		46FA4E701ED91F3200D99B56 /* Release */ = {
			isa = XCBuildConfiguration;
			buildSettings = {
				ALWAYS_SEARCH_USER_PATHS = NO;
				CLANG_ANALYZER_NONNULL = YES;
				CLANG_ANALYZER_NUMBER_OBJECT_CONVERSION = YES_AGGRESSIVE;
				CLANG_CXX_LANGUAGE_STANDARD = "gnu++0x";
				CLANG_CXX_LIBRARY = "libc++";
				CLANG_ENABLE_MODULES = YES;
				CLANG_ENABLE_OBJC_ARC = YES;
				CLANG_WARN_BOOL_CONVERSION = YES;
				CLANG_WARN_CONSTANT_CONVERSION = YES;
				CLANG_WARN_DIRECT_OBJC_ISA_USAGE = YES_ERROR;
				CLANG_WARN_DOCUMENTATION_COMMENTS = YES;
				CLANG_WARN_EMPTY_BODY = YES;
				CLANG_WARN_ENUM_CONVERSION = YES;
				CLANG_WARN_INFINITE_RECURSION = YES;
				CLANG_WARN_INT_CONVERSION = YES;
				CLANG_WARN_OBJC_ROOT_CLASS = YES_ERROR;
				CLANG_WARN_SUSPICIOUS_MOVE = YES;
				CLANG_WARN_UNREACHABLE_CODE = YES;
				CLANG_WARN__DUPLICATE_METHOD_MATCH = YES;
				"CODE_SIGN_IDENTITY[sdk=iphoneos*]" = "iPhone Developer";
				COPY_PHASE_STRIP = NO;
				DEBUG_INFORMATION_FORMAT = "dwarf-with-dsym";
				ENABLE_NS_ASSERTIONS = NO;
				ENABLE_STRICT_OBJC_MSGSEND = YES;
				GCC_C_LANGUAGE_STANDARD = gnu99;
				GCC_NO_COMMON_BLOCKS = YES;
				GCC_WARN_64_TO_32_BIT_CONVERSION = YES;
				GCC_WARN_ABOUT_RETURN_TYPE = YES_ERROR;
				GCC_WARN_UNDECLARED_SELECTOR = YES;
				GCC_WARN_UNINITIALIZED_AUTOS = YES_AGGRESSIVE;
				GCC_WARN_UNUSED_FUNCTION = YES;
				GCC_WARN_UNUSED_VARIABLE = YES;
				IPHONEOS_DEPLOYMENT_TARGET = 10.3;
				MTL_ENABLE_DEBUG_INFO = NO;
				SDKROOT = iphoneos;
				SWIFT_OPTIMIZATION_LEVEL = "-Owholemodule";
				TARGETED_DEVICE_FAMILY = "1,2";
				VALIDATE_PRODUCT = YES;
			};
			name = Release;
		};
		46FA4E721ED91F3200D99B56 /* Debug */ = {
			isa = XCBuildConfiguration;
			buildSettings = {
				ASSETCATALOG_COMPILER_APPICON_NAME = AppIcon;
				DEVELOPMENT_TEAM = AM7T72WW66;
				INFOPLIST_FILE = Pokemon/Info.plist;
				LD_RUNPATH_SEARCH_PATHS = "$(inherited) @executable_path/Frameworks";
				PRODUCT_BUNDLE_IDENTIFIER = com.frooctus.Pokemon;
				PRODUCT_NAME = "$(TARGET_NAME)";
				SWIFT_VERSION = 3.0;
			};
			name = Debug;
		};
		46FA4E731ED91F3200D99B56 /* Release */ = {
			isa = XCBuildConfiguration;
			buildSettings = {
				ASSETCATALOG_COMPILER_APPICON_NAME = AppIcon;
				DEVELOPMENT_TEAM = AM7T72WW66;
				INFOPLIST_FILE = Pokemon/Info.plist;
				LD_RUNPATH_SEARCH_PATHS = "$(inherited) @executable_path/Frameworks";
				PRODUCT_BUNDLE_IDENTIFIER = com.frooctus.Pokemon;
				PRODUCT_NAME = "$(TARGET_NAME)";
				SWIFT_VERSION = 3.0;
			};
			name = Release;
		};
/* End XCBuildConfiguration section */

/* Begin XCConfigurationList section */
		46FA4E5A1ED91F3200D99B56 /* Build configuration list for PBXProject "Pokemon" */ = {
			isa = XCConfigurationList;
			buildConfigurations = (
				46FA4E6F1ED91F3200D99B56 /* Debug */,
				46FA4E701ED91F3200D99B56 /* Release */,
			);
			defaultConfigurationIsVisible = 0;
			defaultConfigurationName = Release;
		};
		46FA4E711ED91F3200D99B56 /* Build configuration list for PBXNativeTarget "Pokemon" */ = {
			isa = XCConfigurationList;
			buildConfigurations = (
				46FA4E721ED91F3200D99B56 /* Debug */,
				46FA4E731ED91F3200D99B56 /* Release */,
			);
			defaultConfigurationIsVisible = 0;
		};
/* End XCConfigurationList section */
	};
	rootObject = 46FA4E571ED91F3200D99B56 /* Project object */;
}
