// !$*UTF8*$!
{
	archiveVersion = 1;
	classes = {
	};
	objectVersion = 46;
	objects = {

/* Begin PBXBuildFile section */
		46A769331EFECD920012B3D0 /* AppDelegate.swift in Sources */ = {isa = PBXBuildFile; fileRef = 46A769321EFECD920012B3D0 /* AppDelegate.swift */; };
		46A769381EFECD920012B3D0 /* Main.storyboard in Resources */ = {isa = PBXBuildFile; fileRef = 46A769361EFECD920012B3D0 /* Main.storyboard */; };
		46A7693A1EFECD920012B3D0 /* Assets.xcassets in Resources */ = {isa = PBXBuildFile; fileRef = 46A769391EFECD920012B3D0 /* Assets.xcassets */; };
		46A7693D1EFECD920012B3D0 /* LaunchScreen.storyboard in Resources */ = {isa = PBXBuildFile; fileRef = 46A7693B1EFECD920012B3D0 /* LaunchScreen.storyboard */; };
/* End PBXBuildFile section */

/* Begin PBXFileReference section */
		46A7692F1EFECD920012B3D0 /* MassEffectM35Mako.app */ = {isa = PBXFileReference; explicitFileType = wrapper.application; includeInIndex = 0; path = MassEffectM35Mako.app; sourceTree = BUILT_PRODUCTS_DIR; };
		46A769321EFECD920012B3D0 /* AppDelegate.swift */ = {isa = PBXFileReference; lastKnownFileType = sourcecode.swift; path = AppDelegate.swift; sourceTree = "<group>"; };
		46A769371EFECD920012B3D0 /* Base */ = {isa = PBXFileReference; lastKnownFileType = file.storyboard; name = Base; path = Base.lproj/Main.storyboard; sourceTree = "<group>"; };
		46A769391EFECD920012B3D0 /* Assets.xcassets */ = {isa = PBXFileReference; lastKnownFileType = folder.assetcatalog; path = Assets.xcassets; sourceTree = "<group>"; };
		46A7693C1EFECD920012B3D0 /* Base */ = {isa = PBXFileReference; lastKnownFileType = file.storyboard; name = Base; path = Base.lproj/LaunchScreen.storyboard; sourceTree = "<group>"; };
		46A7693E1EFECD920012B3D0 /* Info.plist */ = {isa = PBXFileReference; lastKnownFileType = text.plist.xml; path = Info.plist; sourceTree = "<group>"; };
/* End PBXFileReference section */

/* Begin PBXFrameworksBuildPhase section */
		46A7692C1EFECD920012B3D0 /* Frameworks */ = {
			isa = PBXFrameworksBuildPhase;
			buildActionMask = 2147483647;
			files = (
			);
			runOnlyForDeploymentPostprocessing = 0;
		};
/* End PBXFrameworksBuildPhase section */

/* Begin PBXGroup section */
		46A769261EFECD920012B3D0 = {
			isa = PBXGroup;
			children = (
				46A769311EFECD920012B3D0 /* MassEffectM35Mako */,
				46A769301EFECD920012B3D0 /* Products */,
			);
			sourceTree = "<group>";
		};
		46A769301EFECD920012B3D0 /* Products */ = {
			isa = PBXGroup;
			children = (
				46A7692F1EFECD920012B3D0 /* MassEffectM35Mako.app */,
			);
			name = Products;
			sourceTree = "<group>";
		};
		46A769311EFECD920012B3D0 /* MassEffectM35Mako */ = {
			isa = PBXGroup;
			children = (
				46A769321EFECD920012B3D0 /* AppDelegate.swift */,
				46A769441EFECD9F0012B3D0 /* Resources */,
			);
			path = MassEffectM35Mako;
			sourceTree = "<group>";
		};
		46A769441EFECD9F0012B3D0 /* Resources */ = {
			isa = PBXGroup;
			children = (
				46A769361EFECD920012B3D0 /* Main.storyboard */,
				46A769391EFECD920012B3D0 /* Assets.xcassets */,
				46A7693B1EFECD920012B3D0 /* LaunchScreen.storyboard */,
				46A7693E1EFECD920012B3D0 /* Info.plist */,
			);
			name = Resources;
			sourceTree = "<group>";
		};
/* End PBXGroup section */

/* Begin PBXNativeTarget section */
		46A7692E1EFECD920012B3D0 /* MassEffectM35Mako */ = {
			isa = PBXNativeTarget;
			buildConfigurationList = 46A769411EFECD920012B3D0 /* Build configuration list for PBXNativeTarget "MassEffectM35Mako" */;
			buildPhases = (
				46A7692B1EFECD920012B3D0 /* Sources */,
				46A7692C1EFECD920012B3D0 /* Frameworks */,
				46A7692D1EFECD920012B3D0 /* Resources */,
			);
			buildRules = (
			);
			dependencies = (
			);
			name = MassEffectM35Mako;
			productName = MassEffectM35Mako;
			productReference = 46A7692F1EFECD920012B3D0 /* MassEffectM35Mako.app */;
			productType = "com.apple.product-type.application";
		};
/* End PBXNativeTarget section */

/* Begin PBXProject section */
		46A769271EFECD920012B3D0 /* Project object */ = {
			isa = PBXProject;
			attributes = {
				LastSwiftUpdateCheck = 0830;
				LastUpgradeCheck = 0830;
				ORGANIZATIONNAME = frooctus;
				TargetAttributes = {
					46A7692E1EFECD920012B3D0 = {
						CreatedOnToolsVersion = 8.3.3;
						DevelopmentTeam = AM7T72WW66;
						ProvisioningStyle = Automatic;
					};
				};
			};
			buildConfigurationList = 46A7692A1EFECD920012B3D0 /* Build configuration list for PBXProject "MassEffectM35Mako" */;
			compatibilityVersion = "Xcode 3.2";
			developmentRegion = English;
			hasScannedForEncodings = 0;
			knownRegions = (
				en,
				Base,
			);
			mainGroup = 46A769261EFECD920012B3D0;
			productRefGroup = 46A769301EFECD920012B3D0 /* Products */;
			projectDirPath = "";
			projectRoot = "";
			targets = (
				46A7692E1EFECD920012B3D0 /* MassEffectM35Mako */,
			);
		};
/* End PBXProject section */

/* Begin PBXResourcesBuildPhase section */
		46A7692D1EFECD920012B3D0 /* Resources */ = {
			isa = PBXResourcesBuildPhase;
			buildActionMask = 2147483647;
			files = (
				46A7693D1EFECD920012B3D0 /* LaunchScreen.storyboard in Resources */,
				46A7693A1EFECD920012B3D0 /* Assets.xcassets in Resources */,
				46A769381EFECD920012B3D0 /* Main.storyboard in Resources */,
			);
			runOnlyForDeploymentPostprocessing = 0;
		};
/* End PBXResourcesBuildPhase section */

/* Begin PBXSourcesBuildPhase section */
		46A7692B1EFECD920012B3D0 /* Sources */ = {
			isa = PBXSourcesBuildPhase;
			buildActionMask = 2147483647;
			files = (
				46A769331EFECD920012B3D0 /* AppDelegate.swift in Sources */,
			);
			runOnlyForDeploymentPostprocessing = 0;
		};
/* End PBXSourcesBuildPhase section */

/* Begin PBXVariantGroup section */
		46A769361EFECD920012B3D0 /* Main.storyboard */ = {
			isa = PBXVariantGroup;
			children = (
				46A769371EFECD920012B3D0 /* Base */,
			);
			name = Main.storyboard;
			sourceTree = "<group>";
		};
		46A7693B1EFECD920012B3D0 /* LaunchScreen.storyboard */ = {
			isa = PBXVariantGroup;
			children = (
				46A7693C1EFECD920012B3D0 /* Base */,
			);
			name = LaunchScreen.storyboard;
			sourceTree = "<group>";
		};
/* End PBXVariantGroup section */

/* Begin XCBuildConfiguration section */
		46A7693F1EFECD920012B3D0 /* Debug */ = {
			isa = XCBuildConfiguration;
			buildSettings = {
				ALWAYS_SEARCH_USER_PATHS = NO;
				CLANG_ANALYZER_NONNULL = YES;
				CLANG_ANALYZER_NUMBER_OBJECT_CONVERSION = YES_AGGRESSIVE;
				CLANG_CXX_LANGUAGE_STANDARD = "gnu++0x";
				CLANG_CXX_LIBRARY = "libc++";
				CLANG_ENABLE_MODULES = YES;
				CLANG_ENABLE_OBJC_ARC = YES;
				CLANG_WARN_BOOL_CONVERSION = YES;
				CLANG_WARN_CONSTANT_CONVERSION = YES;
				CLANG_WARN_DIRECT_OBJC_ISA_USAGE = YES_ERROR;
				CLANG_WARN_DOCUMENTATION_COMMENTS = YES;
				CLANG_WARN_EMPTY_BODY = YES;
				CLANG_WARN_ENUM_CONVERSION = YES;
				CLANG_WARN_INFINITE_RECURSION = YES;
				CLANG_WARN_INT_CONVERSION = YES;
				CLANG_WARN_OBJC_ROOT_CLASS = YES_ERROR;
				CLANG_WARN_SUSPICIOUS_MOVE = YES;
				CLANG_WARN_UNREACHABLE_CODE = YES;
				CLANG_WARN__DUPLICATE_METHOD_MATCH = YES;
				"CODE_SIGN_IDENTITY[sdk=iphoneos*]" = "iPhone Developer";
				COPY_PHASE_STRIP = NO;
				DEBUG_INFORMATION_FORMAT = dwarf;
				ENABLE_STRICT_OBJC_MSGSEND = YES;
				ENABLE_TESTABILITY = YES;
				GCC_C_LANGUAGE_STANDARD = gnu99;
				GCC_DYNAMIC_NO_PIC = NO;
				GCC_NO_COMMON_BLOCKS = YES;
				GCC_OPTIMIZATION_LEVEL = 0;
				GCC_PREPROCESSOR_DEFINITIONS = (
					"DEBUG=1",
					"$(inherited)",
				);
				GCC_WARN_64_TO_32_BIT_CONVERSION = YES;
				GCC_WARN_ABOUT_RETURN_TYPE = YES_ERROR;
				GCC_WARN_UNDECLARED_SELECTOR = YES;
				GCC_WARN_UNINITIALIZED_AUTOS = YES_AGGRESSIVE;
				GCC_WARN_UNUSED_FUNCTION = YES;
				GCC_WARN_UNUSED_VARIABLE = YES;
				IPHONEOS_DEPLOYMENT_TARGET = 10.3;
				MTL_ENABLE_DEBUG_INFO = YES;
				ONLY_ACTIVE_ARCH = YES;
				SDKROOT = iphoneos;
				SWIFT_ACTIVE_COMPILATION_CONDITIONS = DEBUG;
				SWIFT_OPTIMIZATION_LEVEL = "-Onone";
				TARGETED_DEVICE_FAMILY = "1,2";
			};
			name = Debug;
		};
		46A769401EFECD920012B3D0 /* Release */ = {
			isa = XCBuildConfiguration;
			buildSettings = {
				ALWAYS_SEARCH_USER_PATHS = NO;
				CLANG_ANALYZER_NONNULL = YES;
				CLANG_ANALYZER_NUMBER_OBJECT_CONVERSION = YES_AGGRESSIVE;
				CLANG_CXX_LANGUAGE_STANDARD = "gnu++0x";
				CLANG_CXX_LIBRARY = "libc++";
				CLANG_ENABLE_MODULES = YES;
				CLANG_ENABLE_OBJC_ARC = YES;
				CLANG_WARN_BOOL_CONVERSION = YES;
				CLANG_WARN_CONSTANT_CONVERSION = YES;
				CLANG_WARN_DIRECT_OBJC_ISA_USAGE = YES_ERROR;
				CLANG_WARN_DOCUMENTATION_COMMENTS = YES;
				CLANG_WARN_EMPTY_BODY = YES;
				CLANG_WARN_ENUM_CONVERSION = YES;
				CLANG_WARN_INFINITE_RECURSION = YES;
				CLANG_WARN_INT_CONVERSION = YES;
				CLANG_WARN_OBJC_ROOT_CLASS = YES_ERROR;
				CLANG_WARN_SUSPICIOUS_MOVE = YES;
				CLANG_WARN_UNREACHABLE_CODE = YES;
				CLANG_WARN__DUPLICATE_METHOD_MATCH = YES;
				"CODE_SIGN_IDENTITY[sdk=iphoneos*]" = "iPhone Developer";
				COPY_PHASE_STRIP = NO;
				DEBUG_INFORMATION_FORMAT = "dwarf-with-dsym";
				ENABLE_NS_ASSERTIONS = NO;
				ENABLE_STRICT_OBJC_MSGSEND = YES;
				GCC_C_LANGUAGE_STANDARD = gnu99;
				GCC_NO_COMMON_BLOCKS = YES;
				GCC_WARN_64_TO_32_BIT_CONVERSION = YES;
				GCC_WARN_ABOUT_RETURN_TYPE = YES_ERROR;
				GCC_WARN_UNDECLARED_SELECTOR = YES;
				GCC_WARN_UNINITIALIZED_AUTOS = YES_AGGRESSIVE;
				GCC_WARN_UNUSED_FUNCTION = YES;
				GCC_WARN_UNUSED_VARIABLE = YES;
				IPHONEOS_DEPLOYMENT_TARGET = 10.3;
				MTL_ENABLE_DEBUG_INFO = NO;
				SDKROOT = iphoneos;
				SWIFT_OPTIMIZATION_LEVEL = "-Owholemodule";
				TARGETED_DEVICE_FAMILY = "1,2";
				VALIDATE_PRODUCT = YES;
			};
			name = Release;
		};
		46A769421EFECD920012B3D0 /* Debug */ = {
			isa = XCBuildConfiguration;
			buildSettings = {
				ASSETCATALOG_COMPILER_APPICON_NAME = AppIcon;
				DEVELOPMENT_TEAM = AM7T72WW66;
				INFOPLIST_FILE = MassEffectM35Mako/Info.plist;
				LD_RUNPATH_SEARCH_PATHS = "$(inherited) @executable_path/Frameworks";
				PRODUCT_BUNDLE_IDENTIFIER = com.frooctus.MassEffectM35Mako;
				PRODUCT_NAME = "$(TARGET_NAME)";
				SWIFT_VERSION = 3.0;
			};
			name = Debug;
		};
		46A769431EFECD920012B3D0 /* Release */ = {
			isa = XCBuildConfiguration;
			buildSettings = {
				ASSETCATALOG_COMPILER_APPICON_NAME = AppIcon;
				DEVELOPMENT_TEAM = AM7T72WW66;
				INFOPLIST_FILE = MassEffectM35Mako/Info.plist;
				LD_RUNPATH_SEARCH_PATHS = "$(inherited) @executable_path/Frameworks";
				PRODUCT_BUNDLE_IDENTIFIER = com.frooctus.MassEffectM35Mako;
				PRODUCT_NAME = "$(TARGET_NAME)";
				SWIFT_VERSION = 3.0;
			};
			name = Release;
		};
/* End XCBuildConfiguration section */

/* Begin XCConfigurationList section */
		46A7692A1EFECD920012B3D0 /* Build configuration list for PBXProject "MassEffectM35Mako" */ = {
			isa = XCConfigurationList;
			buildConfigurations = (
				46A7693F1EFECD920012B3D0 /* Debug */,
				46A769401EFECD920012B3D0 /* Release */,
			);
			defaultConfigurationIsVisible = 0;
			defaultConfigurationName = Release;
		};
		46A769411EFECD920012B3D0 /* Build configuration list for PBXNativeTarget "MassEffectM35Mako" */ = {
			isa = XCConfigurationList;
			buildConfigurations = (
				46A769421EFECD920012B3D0 /* Debug */,
				46A769431EFECD920012B3D0 /* Release */,
			);
			defaultConfigurationIsVisible = 0;
		};
/* End XCConfigurationList section */
	};
	rootObject = 46A769271EFECD920012B3D0 /* Project object */;
}
